Microsoft Visual Studio Solution File, Format Version 12.00
# Visual Studio 2012
Project("{FAE04EC0-301F-11D3-BF4B-00C04F79EFBC}") = "lethal-science-project", "lethal-science-project.csproj", "{8006A42A-DC4B-4F58-B20A-3BD418441997}"
EndProject
Global
	GlobalSection(SolutionConfigurationPlatforms) = preSolution
	Debug|Any CPU = Debug|Any CPU
	ExportDebug|Any CPU = ExportDebug|Any CPU
	ExportRelease|Any CPU = ExportRelease|Any CPU
	EndGlobalSection
	GlobalSection(ProjectConfigurationPlatforms) = postSolution
		{8006A42A-DC4B-4F58-B20A-3BD418441997}.Debug|Any CPU.ActiveCfg = Debug|Any CPU
		{8006A42A-DC4B-4F58-B20A-3BD418441997}.Debug|Any CPU.Build.0 = Debug|Any CPU
		{8006A42A-DC4B-4F58-B20A-3BD418441997}.ExportDebug|Any CPU.ActiveCfg = ExportDebug|Any CPU
		{8006A42A-DC4B-4F58-B20A-3BD418441997}.ExportDebug|Any CPU.Build.0 = ExportDebug|Any CPU
		{8006A42A-DC4B-4F58-B20A-3BD418441997}.ExportRelease|Any CPU.ActiveCfg = ExportRelease|Any CPU
		{8006A42A-DC4B-4F58-B20A-3BD418441997}.ExportRelease|Any CPU.Build.0 = ExportRelease|Any CPU
	EndGlobalSection
EndGlobal
